
Microsoft Visual Studio Solution File, Format Version 12.00
# Visual Studio Version 16
VisualStudioVersion = 16.0.29709.97
MinimumVisualStudioVersion = 10.0.40219.1
Project("{FAE04EC0-301F-11D3-BF4B-00C04F79EFBC}") = "GameConsoleCS8", "GameConsoleCS8.csproj", "{DAA4741A-398F-40AB-A1A7-2F695CF89C82}"
EndProject
Global
	GlobalSection(SolutionConfigurationPlatforms) = preSolution
		Debug|Any CPU = Debug|Any CPU
		Release|Any CPU = Release|Any CPU
	EndGlobalSection
	GlobalSection(ProjectConfigurationPlatforms) = postSolution
		{DAA4741A-398F-40AB-A1A7-2F695CF89C82}.Debug|Any CPU.ActiveCfg = Debug|Any CPU
		{DAA4741A-398F-40AB-A1A7-2F695CF89C82}.Debug|Any CPU.Build.0 = Debug|Any CPU
		{DAA4741A-398F-40AB-A1A7-2F695CF89C82}.Release|Any CPU.ActiveCfg = Release|Any CPU
		{DAA4741A-398F-40AB-A1A7-2F695CF89C82}.Release|Any CPU.Build.0 = Release|Any CPU
	EndGlobalSection
	GlobalSection(SolutionProperties) = preSolution
		HideSolutionNode = FALSE
	EndGlobalSection
	GlobalSection(ExtensibilityGlobals) = postSolution
		SolutionGuid = {3F4993A6-C89C-4829-BAF8-72A8FCF311CE}
	EndGlobalSection
EndGlobal
